
Microsoft Visual Studio Solution File, Format Version 12.00
# Visual Studio Version 16
VisualStudioVersion = 16.0.30320.27
MinimumVisualStudioVersion = 10.0.40219.1
Project("{FAE04EC0-301F-11D3-BF4B-00C04F79EFBC}") = "MyShopAPI", "MyShopAPI\MyShopAPI.csproj", "{77BE3D80-C452-4776-B887-949C3049ED30}"
EndProject
Global
	GlobalSection(SolutionConfigurationPlatforms) = preSolution
		Debug|Any CPU = Debug|Any CPU
		Release|Any CPU = Release|Any CPU
	EndGlobalSection
	GlobalSection(ProjectConfigurationPlatforms) = postSolution
		{77BE3D80-C452-4776-B887-949C3049ED30}.Debug|Any CPU.ActiveCfg = Debug|Any CPU
		{77BE3D80-C452-4776-B887-949C3049ED30}.Debug|Any CPU.Build.0 = Debug|Any CPU
		{77BE3D80-C452-4776-B887-949C3049ED30}.Release|Any CPU.ActiveCfg = Release|Any CPU
		{77BE3D80-C452-4776-B887-949C3049ED30}.Release|Any CPU.Build.0 = Release|Any CPU
	EndGlobalSection
	GlobalSection(SolutionProperties) = preSolution
		HideSolutionNode = FALSE
	EndGlobalSection
	GlobalSection(ExtensibilityGlobals) = postSolution
		SolutionGuid = {32532C45-17FC-4272-8D69-DD269B59DE93}
	EndGlobalSection
EndGlobal
